
Microsoft Visual Studio Solution File, Format Version 12.00
# Visual Studio Version 17
VisualStudioVersion = 17.11.35312.102
MinimumVisualStudioVersion = 10.0.40219.1
Project("{9A19103F-16F7-4668-BE54-9A1E7A4F7556}") = "CursoCSharp", "CursoCSharp\CursoCSharp.csproj", "{62E380EE-A8B3-416C-8A91-3E11188AA376}"
EndProject
Project("{9A19103F-16F7-4668-BE54-9A1E7A4F7556}") = "ConvertendoDados", "ConvertendoDados\ConvertendoDados.csproj", "{3F53BB35-2605-4C75-B9E9-A59A30FBD09B}"
EndProject
Project("{FAE04EC0-301F-11D3-BF4B-00C04F79EFBC}") = "EntradaDeDados", "EntradaDeDados\EntradaDeDados.csproj", "{6BBBCFF5-1FDB-4F00-9C09-4E0881A6F0A9}"
EndProject
Project("{FAE04EC0-301F-11D3-BF4B-00C04F79EFBC}") = "Operadores", "Operadores\Operadores.csproj", "{05BA68FD-CF12-49DF-95DD-9E4097242086}"
EndProject
Global
	GlobalSection(SolutionConfigurationPlatforms) = preSolution
		Debug|Any CPU = Debug|Any CPU
		Release|Any CPU = Release|Any CPU
	EndGlobalSection
	GlobalSection(ProjectConfigurationPlatforms) = postSolution
		{62E380EE-A8B3-416C-8A91-3E11188AA376}.Debug|Any CPU.ActiveCfg = Debug|Any CPU
		{62E380EE-A8B3-416C-8A91-3E11188AA376}.Debug|Any CPU.Build.0 = Debug|Any CPU
		{62E380EE-A8B3-416C-8A91-3E11188AA376}.Release|Any CPU.ActiveCfg = Release|Any CPU
		{62E380EE-A8B3-416C-8A91-3E11188AA376}.Release|Any CPU.Build.0 = Release|Any CPU
		{3F53BB35-2605-4C75-B9E9-A59A30FBD09B}.Debug|Any CPU.ActiveCfg = Debug|Any CPU
		{3F53BB35-2605-4C75-B9E9-A59A30FBD09B}.Debug|Any CPU.Build.0 = Debug|Any CPU
		{3F53BB35-2605-4C75-B9E9-A59A30FBD09B}.Release|Any CPU.ActiveCfg = Release|Any CPU
		{3F53BB35-2605-4C75-B9E9-A59A30FBD09B}.Release|Any CPU.Build.0 = Release|Any CPU
		{6BBBCFF5-1FDB-4F00-9C09-4E0881A6F0A9}.Debug|Any CPU.ActiveCfg = Debug|Any CPU
		{6BBBCFF5-1FDB-4F00-9C09-4E0881A6F0A9}.Debug|Any CPU.Build.0 = Debug|Any CPU
		{6BBBCFF5-1FDB-4F00-9C09-4E0881A6F0A9}.Release|Any CPU.ActiveCfg = Release|Any CPU
		{6BBBCFF5-1FDB-4F00-9C09-4E0881A6F0A9}.Release|Any CPU.Build.0 = Release|Any CPU
		{05BA68FD-CF12-49DF-95DD-9E4097242086}.Debug|Any CPU.ActiveCfg = Debug|Any CPU
		{05BA68FD-CF12-49DF-95DD-9E4097242086}.Debug|Any CPU.Build.0 = Debug|Any CPU
		{05BA68FD-CF12-49DF-95DD-9E4097242086}.Release|Any CPU.ActiveCfg = Release|Any CPU
		{05BA68FD-CF12-49DF-95DD-9E4097242086}.Release|Any CPU.Build.0 = Release|Any CPU
	EndGlobalSection
	GlobalSection(SolutionProperties) = preSolution
		HideSolutionNode = FALSE
	EndGlobalSection
	GlobalSection(ExtensibilityGlobals) = postSolution
		SolutionGuid = {29D7248B-A485-49E9-91C5-AF86B1419D47}
	EndGlobalSection
EndGlobal
