
Microsoft Visual Studio Solution File, Format Version 12.00
# Visual Studio Version 17
VisualStudioVersion = 17.11.35312.102
MinimumVisualStudioVersion = 10.0.40219.1
Project("{FAE04EC0-301F-11D3-BF4B-00C04F79EFBC}") = "AnaJulia_class05", "AnaJulia_class05\AnaJulia_class05.csproj", "{78183754-24EB-40C3-8535-4C912FB97FCD}"
EndProject
Global
	GlobalSection(SolutionConfigurationPlatforms) = preSolution
		Debug|Any CPU = Debug|Any CPU
		Release|Any CPU = Release|Any CPU
	EndGlobalSection
	GlobalSection(ProjectConfigurationPlatforms) = postSolution
		{78183754-24EB-40C3-8535-4C912FB97FCD}.Debug|Any CPU.ActiveCfg = Debug|Any CPU
		{78183754-24EB-40C3-8535-4C912FB97FCD}.Debug|Any CPU.Build.0 = Debug|Any CPU
		{78183754-24EB-40C3-8535-4C912FB97FCD}.Release|Any CPU.ActiveCfg = Release|Any CPU
		{78183754-24EB-40C3-8535-4C912FB97FCD}.Release|Any CPU.Build.0 = Release|Any CPU
	EndGlobalSection
	GlobalSection(SolutionProperties) = preSolution
		HideSolutionNode = FALSE
	EndGlobalSection
	GlobalSection(ExtensibilityGlobals) = postSolution
		SolutionGuid = {FE799820-7FE7-4FA1-8617-7F9DC81F1CFC}
	EndGlobalSection
EndGlobal
